PODS:
  - Alamofire (4.9.1)
  - NVActivityIndicatorView (4.8.0):
    - NVActivityIndicatorView/Presenter (= 4.8.0)
  - NVActivityIndicatorView/Presenter (4.8.0)
  - SideMenu (6.4.8)

DEPENDENCIES:
  - Alamofire (~> 4.0)
  - NVActivityIndicatorView
  - SideMenu

SPEC REPOS:
  trunk:
    - Alamofire
    - NVActivityIndicatorView
    - SideMenu

SPEC CHECKSUMS:
  Alamofire: 85e8a02c69d6020a0d734f6054870d7ecb75cf18
  NVActivityIndicatorView: d24b7ebcf80af5dcd994adb650e2b6c93379270f
  SideMenu: 4a891be552d30bb6fa87ad404d62e485f8450c34

PODFILE CHECKSUM: d73f1adfe8a6adeab7cf5c1d7cd8bd2a760d865d

COCOAPODS: 1.9.3
