// !$*UTF8*$!
{
	archiveVersion = 1;
	classes = {
	};
	objectVersion = 50;
	objects = {

/* Begin PBXBuildFile section */
		31516366249DFABC00AF9AB2 /* UserInfo.swift in Sources */ = {isa = PBXBuildFile; fileRef = 31516365249DFABC00AF9AB2 /* UserInfo.swift */; };
		31516368249E119000AF9AB2 /* ApiHelper.swift in Sources */ = {isa = PBXBuildFile; fileRef = 31516367249E119000AF9AB2 /* ApiHelper.swift */; };
		3151636B249E510E00AF9AB2 /* RegistrationViewController.swift in Sources */ = {isa = PBXBuildFile; fileRef = 31516369249E510E00AF9AB2 /* RegistrationViewController.swift */; };
		3151636C249E510E00AF9AB2 /* RegistrationViewController.xib in Resources */ = {isa = PBXBuildFile; fileRef = 3151636A249E510E00AF9AB2 /* RegistrationViewController.xib */; };
		3151636E249E552900AF9AB2 /* Constants.swift in Sources */ = {isa = PBXBuildFile; fileRef = 3151636D249E552900AF9AB2 /* Constants.swift */; };
		31516371249E578800AF9AB2 /* LoginViewModel.swift in Sources */ = {isa = PBXBuildFile; fileRef = 31516370249E578800AF9AB2 /* LoginViewModel.swift */; };
		31516374249E74E900AF9AB2 /* ProfileViewController.swift in Sources */ = {isa = PBXBuildFile; fileRef = 31516372249E74E800AF9AB2 /* ProfileViewController.swift */; };
		31516375249E74E900AF9AB2 /* ProfileViewController.xib in Resources */ = {isa = PBXBuildFile; fileRef = 31516373249E74E800AF9AB2 /* ProfileViewController.xib */; };
		317A15BC249D25C3003F4CDA /* AppDelegate.swift in Sources */ = {isa = PBXBuildFile; fileRef = 317A15BB249D25C3003F4CDA /* AppDelegate.swift */; };
		317A15BE249D25C3003F4CDA /* SceneDelegate.swift in Sources */ = {isa = PBXBuildFile; fileRef = 317A15BD249D25C3003F4CDA /* SceneDelegate.swift */; };
		317A15C0249D25C3003F4CDA /* LoginViewController.swift in Sources */ = {isa = PBXBuildFile; fileRef = 317A15BF249D25C3003F4CDA /* LoginViewController.swift */; };
		317A15C3249D25C3003F4CDA /* Main.storyboard in Resources */ = {isa = PBXBuildFile; fileRef = 317A15C1249D25C3003F4CDA /* Main.storyboard */; };
		317A15C5249D25C9003F4CDA /* Assets.xcassets in Resources */ = {isa = PBXBuildFile; fileRef = 317A15C4249D25C9003F4CDA /* Assets.xcassets */; };
		317A15C8249D25C9003F4CDA /* LaunchScreen.storyboard in Resources */ = {isa = PBXBuildFile; fileRef = 317A15C6249D25C9003F4CDA /* LaunchScreen.storyboard */; };
		317A15D3249D25C9003F4CDA /* DemoJamStackTests.swift in Sources */ = {isa = PBXBuildFile; fileRef = 317A15D2249D25C9003F4CDA /* DemoJamStackTests.swift */; };
		317A15DE249D25CA003F4CDA /* DemoJamStackUITests.swift in Sources */ = {isa = PBXBuildFile; fileRef = 317A15DD249D25CA003F4CDA /* DemoJamStackUITests.swift */; };
		317A15EC249DCFEA003F4CDA /* AppUtils.swift in Sources */ = {isa = PBXBuildFile; fileRef = 317A15EB249DCFEA003F4CDA /* AppUtils.swift */; };
		4A6DA2A7843B5E6FF158EED6 /* libPods-DemoJamStack.a in Frameworks */ = {isa = PBXBuildFile; fileRef = 003776210D1F039FF5CAB43C /* libPods-DemoJamStack.a */; };
		5A3CF306D3E2AC151DB7B870 /* libPods-DemoJamStack-DemoJamStackUITests.a in Frameworks */ = {isa = PBXBuildFile; fileRef = EBF7B2E2559872990F3F1EE4 /* libPods-DemoJamStack-DemoJamStackUITests.a */; };
		8438DDB364E42F581D5655EE /* libPods-DemoJamStackTests.a in Frameworks */ = {isa = PBXBuildFile; fileRef = 38EA3AAE2845A8B5127E866E /* libPods-DemoJamStackTests.a */; };
/* End PBXBuildFile section */

/* Begin PBXContainerItemProxy section */
		317A15CF249D25C9003F4CDA /* PBXContainerItemProxy */ = {
			isa = PBXContainerItemProxy;
			containerPortal = 317A15B0249D25C3003F4CDA /* Project object */;
			proxyType = 1;
			remoteGlobalIDString = 317A15B7249D25C3003F4CDA;
			remoteInfo = DemoJamStack;
		};
		317A15DA249D25C9003F4CDA /* PBXContainerItemProxy */ = {
			isa = PBXContainerItemProxy;
			containerPortal = 317A15B0249D25C3003F4CDA /* Project object */;
			proxyType = 1;
			remoteGlobalIDString = 317A15B7249D25C3003F4CDA;
			remoteInfo = DemoJamStack;
		};
/* End PBXContainerItemProxy section */

/* Begin PBXFileReference section */
		003776210D1F039FF5CAB43C /* libPods-DemoJamStack.a */ = {isa = PBXFileReference; explicitFileType = archive.ar; includeInIndex = 0; path = "libPods-DemoJamStack.a"; sourceTree = BUILT_PRODUCTS_DIR; };
		2E2FC617C9901EF31094DB63 /* Pods-DemoJamStack-DemoJamStackUITests.debug.xcconfig */ = {isa = PBXFileReference; includeInIndex = 1; lastKnownFileType = text.xcconfig; name = "Pods-DemoJamStack-DemoJamStackUITests.debug.xcconfig"; path = "Target Support Files/Pods-DemoJamStack-DemoJamStackUITests/Pods-DemoJamStack-DemoJamStackUITests.debug.xcconfig"; sourceTree = "<group>"; };
		31516365249DFABC00AF9AB2 /* UserInfo.swift */ = {isa = PBXFileReference; lastKnownFileType = sourcecode.swift; path = UserInfo.swift; sourceTree = "<group>"; };
		31516367249E119000AF9AB2 /* ApiHelper.swift */ = {isa = PBXFileReference; lastKnownFileType = sourcecode.swift; path = ApiHelper.swift; sourceTree = "<group>"; };
		31516369249E510E00AF9AB2 /* RegistrationViewController.swift */ = {isa = PBXFileReference; lastKnownFileType = sourcecode.swift; path = RegistrationViewController.swift; sourceTree = "<group>"; };
		3151636A249E510E00AF9AB2 /* RegistrationViewController.xib */ = {isa = PBXFileReference; lastKnownFileType = file.xib; path = RegistrationViewController.xib; sourceTree = "<group>"; };
		3151636D249E552900AF9AB2 /* Constants.swift */ = {isa = PBXFileReference; lastKnownFileType = sourcecode.swift; path = Constants.swift; sourceTree = "<group>"; };
		31516370249E578800AF9AB2 /* LoginViewModel.swift */ = {isa = PBXFileReference; lastKnownFileType = sourcecode.swift; path = LoginViewModel.swift; sourceTree = "<group>"; };
		31516372249E74E800AF9AB2 /* ProfileViewController.swift */ = {isa = PBXFileReference; lastKnownFileType = sourcecode.swift; path = ProfileViewController.swift; sourceTree = "<group>"; };
		31516373249E74E800AF9AB2 /* ProfileViewController.xib */ = {isa = PBXFileReference; lastKnownFileType = file.xib; path = ProfileViewController.xib; sourceTree = "<group>"; };
		317A15B8249D25C3003F4CDA /* DemoJamStack.app */ = {isa = PBXFileReference; explicitFileType = wrapper.application; includeInIndex = 0; path = DemoJamStack.app; sourceTree = BUILT_PRODUCTS_DIR; };
		317A15BB249D25C3003F4CDA /* AppDelegate.swift */ = {isa = PBXFileReference; lastKnownFileType = sourcecode.swift; path = AppDelegate.swift; sourceTree = "<group>"; };
		317A15BD249D25C3003F4CDA /* SceneDelegate.swift */ = {isa = PBXFileReference; lastKnownFileType = sourcecode.swift; path = SceneDelegate.swift; sourceTree = "<group>"; };
		317A15BF249D25C3003F4CDA /* LoginViewController.swift */ = {isa = PBXFileReference; lastKnownFileType = sourcecode.swift; path = LoginViewController.swift; sourceTree = "<group>"; };
		317A15C2249D25C3003F4CDA /* Base */ = {isa = PBXFileReference; lastKnownFileType = file.storyboard; name = Base; path = Base.lproj/Main.storyboard; sourceTree = "<group>"; };
		317A15C4249D25C9003F4CDA /* Assets.xcassets */ = {isa = PBXFileReference; lastKnownFileType = folder.assetcatalog; path = Assets.xcassets; sourceTree = "<group>"; };
		317A15C7249D25C9003F4CDA /* Base */ = {isa = PBXFileReference; lastKnownFileType = file.storyboard; name = Base; path = Base.lproj/LaunchScreen.storyboard; sourceTree = "<group>"; };
		317A15C9249D25C9003F4CDA /* Info.plist */ = {isa = PBXFileReference; lastKnownFileType = text.plist.xml; path = Info.plist; sourceTree = "<group>"; };
		317A15CE249D25C9003F4CDA /* DemoJamStackTests.xctest */ = {isa = PBXFileReference; explicitFileType = wrapper.cfbundle; includeInIndex = 0; path = DemoJamStackTests.xctest; sourceTree = BUILT_PRODUCTS_DIR; };
		317A15D2249D25C9003F4CDA /* DemoJamStackTests.swift */ = {isa = PBXFileReference; lastKnownFileType = sourcecode.swift; path = DemoJamStackTests.swift; sourceTree = "<group>"; };
		317A15D4249D25C9003F4CDA /* Info.plist */ = {isa = PBXFileReference; lastKnownFileType = text.plist.xml; path = Info.plist; sourceTree = "<group>"; };
		317A15D9249D25C9003F4CDA /* DemoJamStackUITests.xctest */ = {isa = PBXFileReference; explicitFileType = wrapper.cfbundle; includeInIndex = 0; path = DemoJamStackUITests.xctest; sourceTree = BUILT_PRODUCTS_DIR; };
		317A15DD249D25CA003F4CDA /* DemoJamStackUITests.swift */ = {isa = PBXFileReference; lastKnownFileType = sourcecode.swift; path = DemoJamStackUITests.swift; sourceTree = "<group>"; };
		317A15DF249D25CA003F4CDA /* Info.plist */ = {isa = PBXFileReference; lastKnownFileType = text.plist.xml; path = Info.plist; sourceTree = "<group>"; };
		317A15EB249DCFEA003F4CDA /* AppUtils.swift */ = {isa = PBXFileReference; fileEncoding = 4; lastKnownFileType = sourcecode.swift; path = AppUtils.swift; sourceTree = "<group>"; };
		38EA3AAE2845A8B5127E866E /* libPods-DemoJamStackTests.a */ = {isa = PBXFileReference; explicitFileType = archive.ar; includeInIndex = 0; path = "libPods-DemoJamStackTests.a"; sourceTree = BUILT_PRODUCTS_DIR; };
		42F1DC53B7624B1E98BBF84C /* Pods-DemoJamStack.release.xcconfig */ = {isa = PBXFileReference; includeInIndex = 1; lastKnownFileType = text.xcconfig; name = "Pods-DemoJamStack.release.xcconfig"; path = "Target Support Files/Pods-DemoJamStack/Pods-DemoJamStack.release.xcconfig"; sourceTree = "<group>"; };
		88D8FD437372F14C8F1F780C /* Pods-DemoJamStackTests.debug.xcconfig */ = {isa = PBXFileReference; includeInIndex = 1; lastKnownFileType = text.xcconfig; name = "Pods-DemoJamStackTests.debug.xcconfig"; path = "Target Support Files/Pods-DemoJamStackTests/Pods-DemoJamStackTests.debug.xcconfig"; sourceTree = "<group>"; };
		A555CB7E143AE2FF477D3703 /* Pods-DemoJamStack-DemoJamStackUITests.release.xcconfig */ = {isa = PBXFileReference; includeInIndex = 1; lastKnownFileType = text.xcconfig; name = "Pods-DemoJamStack-DemoJamStackUITests.release.xcconfig"; path = "Target Support Files/Pods-DemoJamStack-DemoJamStackUITests/Pods-DemoJamStack-DemoJamStackUITests.release.xcconfig"; sourceTree = "<group>"; };
		C329815D34D3ADD6B78B6E13 /* Pods-DemoJamStack.debug.xcconfig */ = {isa = PBXFileReference; includeInIndex = 1; lastKnownFileType = text.xcconfig; name = "Pods-DemoJamStack.debug.xcconfig"; path = "Target Support Files/Pods-DemoJamStack/Pods-DemoJamStack.debug.xcconfig"; sourceTree = "<group>"; };
		C970998BAFABA02194A4257D /* Pods-DemoJamStackTests.release.xcconfig */ = {isa = PBXFileReference; includeInIndex = 1; lastKnownFileType = text.xcconfig; name = "Pods-DemoJamStackTests.release.xcconfig"; path = "Target Support Files/Pods-DemoJamStackTests/Pods-DemoJamStackTests.release.xcconfig"; sourceTree = "<group>"; };
		EBF7B2E2559872990F3F1EE4 /* libPods-DemoJamStack-DemoJamStackUITests.a */ = {isa = PBXFileReference; explicitFileType = archive.ar; includeInIndex = 0; path = "libPods-DemoJamStack-DemoJamStackUITests.a"; sourceTree = BUILT_PRODUCTS_DIR; };
/* End PBXFileReference section */

/* Begin PBXFrameworksBuildPhase section */
		317A15B5249D25C3003F4CDA /* Frameworks */ = {
			isa = PBXFrameworksBuildPhase;
			buildActionMask = 2147483647;
			files = (
				4A6DA2A7843B5E6FF158EED6 /* libPods-DemoJamStack.a in Frameworks */,
			);
			runOnlyForDeploymentPostprocessing = 0;
		};
		317A15CB249D25C9003F4CDA /* Frameworks */ = {
			isa = PBXFrameworksBuildPhase;
			buildActionMask = 2147483647;
			files = (
				8438DDB364E42F581D5655EE /* libPods-DemoJamStackTests.a in Frameworks */,
			);
			runOnlyForDeploymentPostprocessing = 0;
		};
		317A15D6249D25C9003F4CDA /* Frameworks */ = {
			isa = PBXFrameworksBuildPhase;
			buildActionMask = 2147483647;
			files = (
				5A3CF306D3E2AC151DB7B870 /* libPods-DemoJamStack-DemoJamStackUITests.a in Frameworks */,
			);
			runOnlyForDeploymentPostprocessing = 0;
		};
/* End PBXFrameworksBuildPhase section */

/* Begin PBXGroup section */
		31516364249DFA9800AF9AB2 /* Model */ = {
			isa = PBXGroup;
			children = (
				31516365249DFABC00AF9AB2 /* UserInfo.swift */,
			);
			path = Model;
			sourceTree = "<group>";
		};
		3151636F249E576600AF9AB2 /* ViewModel */ = {
			isa = PBXGroup;
			children = (
				31516370249E578800AF9AB2 /* LoginViewModel.swift */,
			);
			path = ViewModel;
			sourceTree = "<group>";
		};
		317A15AF249D25C3003F4CDA = {
			isa = PBXGroup;
			children = (
				317A15BA249D25C3003F4CDA /* DemoJamStack */,
				317A15D1249D25C9003F4CDA /* DemoJamStackTests */,
				317A15DC249D25C9003F4CDA /* DemoJamStackUITests */,
				317A15B9249D25C3003F4CDA /* Products */,
				805550CFE8F444439A155BB3 /* Pods */,
				740E4E6E70553083889747DB /* Frameworks */,
			);
			sourceTree = "<group>";
		};
		317A15B9249D25C3003F4CDA /* Products */ = {
			isa = PBXGroup;
			children = (
				317A15B8249D25C3003F4CDA /* DemoJamStack.app */,
				317A15CE249D25C9003F4CDA /* DemoJamStackTests.xctest */,
				317A15D9249D25C9003F4CDA /* DemoJamStackUITests.xctest */,
			);
			name = Products;
			sourceTree = "<group>";
		};
		317A15BA249D25C3003F4CDA /* DemoJamStack */ = {
			isa = PBXGroup;
			children = (
				3151636F249E576600AF9AB2 /* ViewModel */,
				31516364249DFA9800AF9AB2 /* Model */,
				317A15EE249DD002003F4CDA /* View */,
				317A15ED249DCFF3003F4CDA /* ViewController */,
				317A15EB249DCFEA003F4CDA /* AppUtils.swift */,
				3151636D249E552900AF9AB2 /* Constants.swift */,
				31516367249E119000AF9AB2 /* ApiHelper.swift */,
				317A15BB249D25C3003F4CDA /* AppDelegate.swift */,
				317A15BD249D25C3003F4CDA /* SceneDelegate.swift */,
				317A15C4249D25C9003F4CDA /* Assets.xcassets */,
				317A15C9249D25C9003F4CDA /* Info.plist */,
			);
			path = DemoJamStack;
			sourceTree = "<group>";
		};
		317A15D1249D25C9003F4CDA /* DemoJamStackTests */ = {
			isa = PBXGroup;
			children = (
				317A15D2249D25C9003F4CDA /* DemoJamStackTests.swift */,
				317A15D4249D25C9003F4CDA /* Info.plist */,
			);
			path = DemoJamStackTests;
			sourceTree = "<group>";
		};
		317A15DC249D25C9003F4CDA /* DemoJamStackUITests */ = {
			isa = PBXGroup;
			children = (
				317A15DD249D25CA003F4CDA /* DemoJamStackUITests.swift */,
				317A15DF249D25CA003F4CDA /* Info.plist */,
			);
			path = DemoJamStackUITests;
			sourceTree = "<group>";
		};
		317A15ED249DCFF3003F4CDA /* ViewController */ = {
			isa = PBXGroup;
			children = (
				317A15BF249D25C3003F4CDA /* LoginViewController.swift */,
				31516369249E510E00AF9AB2 /* RegistrationViewController.swift */,
				31516372249E74E800AF9AB2 /* ProfileViewController.swift */,
			);
			path = ViewController;
			sourceTree = "<group>";
		};
		317A15EE249DD002003F4CDA /* View */ = {
			isa = PBXGroup;
			children = (
				317A15C6249D25C9003F4CDA /* LaunchScreen.storyboard */,
				317A15C1249D25C3003F4CDA /* Main.storyboard */,
				3151636A249E510E00AF9AB2 /* RegistrationViewController.xib */,
				31516373249E74E800AF9AB2 /* ProfileViewController.xib */,
			);
			path = View;
			sourceTree = "<group>";
		};
		740E4E6E70553083889747DB /* Frameworks */ = {
			isa = PBXGroup;
			children = (
				003776210D1F039FF5CAB43C /* libPods-DemoJamStack.a */,
				EBF7B2E2559872990F3F1EE4 /* libPods-DemoJamStack-DemoJamStackUITests.a */,
				38EA3AAE2845A8B5127E866E /* libPods-DemoJamStackTests.a */,
			);
			name = Frameworks;
			sourceTree = "<group>";
		};
		805550CFE8F444439A155BB3 /* Pods */ = {
			isa = PBXGroup;
			children = (
				C329815D34D3ADD6B78B6E13 /* Pods-DemoJamStack.debug.xcconfig */,
				42F1DC53B7624B1E98BBF84C /* Pods-DemoJamStack.release.xcconfig */,
				2E2FC617C9901EF31094DB63 /* Pods-DemoJamStack-DemoJamStackUITests.debug.xcconfig */,
				A555CB7E143AE2FF477D3703 /* Pods-DemoJamStack-DemoJamStackUITests.release.xcconfig */,
				88D8FD437372F14C8F1F780C /* Pods-DemoJamStackTests.debug.xcconfig */,
				C970998BAFABA02194A4257D /* Pods-DemoJamStackTests.release.xcconfig */,
			);
			path = Pods;
			sourceTree = "<group>";
		};
/* End PBXGroup section */

/* Begin PBXNativeTarget section */
		317A15B7249D25C3003F4CDA /* DemoJamStack */ = {
			isa = PBXNativeTarget;
			buildConfigurationList = 317A15E2249D25CA003F4CDA /* Build configuration list for PBXNativeTarget "DemoJamStack" */;
			buildPhases = (
				F21AF5FF637E3C73D0459E91 /* [CP] Check Pods Manifest.lock */,
				317A15B4249D25C3003F4CDA /* Sources */,
				317A15B5249D25C3003F4CDA /* Frameworks */,
				317A15B6249D25C3003F4CDA /* Resources */,
			);
			buildRules = (
			);
			dependencies = (
			);
			name = DemoJamStack;
			productName = DemoJamStack;
			productReference = 317A15B8249D25C3003F4CDA /* DemoJamStack.app */;
			productType = "com.apple.product-type.application";
		};
		317A15CD249D25C9003F4CDA /* DemoJamStackTests */ = {
			isa = PBXNativeTarget;
			buildConfigurationList = 317A15E5249D25CA003F4CDA /* Build configuration list for PBXNativeTarget "DemoJamStackTests" */;
			buildPhases = (
				361B38E34AF7DEAE676EE7F7 /* [CP] Check Pods Manifest.lock */,
				317A15CA249D25C9003F4CDA /* Sources */,
				317A15CB249D25C9003F4CDA /* Frameworks */,
				317A15CC249D25C9003F4CDA /* Resources */,
			);
			buildRules = (
			);
			dependencies = (
				317A15D0249D25C9003F4CDA /* PBXTargetDependency */,
			);
			name = DemoJamStackTests;
			productName = DemoJamStackTests;
			productReference = 317A15CE249D25C9003F4CDA /* DemoJamStackTests.xctest */;
			productType = "com.apple.product-type.bundle.unit-test";
		};
		317A15D8249D25C9003F4CDA /* DemoJamStackUITests */ = {
			isa = PBXNativeTarget;
			buildConfigurationList = 317A15E8249D25CA003F4CDA /* Build configuration list for PBXNativeTarget "DemoJamStackUITests" */;
			buildPhases = (
				A63C03780AD1327800350013 /* [CP] Check Pods Manifest.lock */,
				317A15D5249D25C9003F4CDA /* Sources */,
				317A15D6249D25C9003F4CDA /* Frameworks */,
				317A15D7249D25C9003F4CDA /* Resources */,
			);
			buildRules = (
			);
			dependencies = (
				317A15DB249D25C9003F4CDA /* PBXTargetDependency */,
			);
			name = DemoJamStackUITests;
			productName = DemoJamStackUITests;
			productReference = 317A15D9249D25C9003F4CDA /* DemoJamStackUITests.xctest */;
			productType = "com.apple.product-type.bundle.ui-testing";
		};
/* End PBXNativeTarget section */

/* Begin PBXProject section */
		317A15B0249D25C3003F4CDA /* Project object */ = {
			isa = PBXProject;
			attributes = {
				LastSwiftUpdateCheck = 1150;
				LastUpgradeCheck = 1150;
				ORGANIZATIONNAME = Phong;
				TargetAttributes = {
					317A15B7249D25C3003F4CDA = {
						CreatedOnToolsVersion = 11.5;
					};
					317A15CD249D25C9003F4CDA = {
						CreatedOnToolsVersion = 11.5;
						TestTargetID = 317A15B7249D25C3003F4CDA;
					};
					317A15D8249D25C9003F4CDA = {
						CreatedOnToolsVersion = 11.5;
						TestTargetID = 317A15B7249D25C3003F4CDA;
					};
				};
			};
			buildConfigurationList = 317A15B3249D25C3003F4CDA /* Build configuration list for PBXProject "DemoJamStack" */;
			compatibilityVersion = "Xcode 9.3";
			developmentRegion = en;
			hasScannedForEncodings = 0;
			knownRegions = (
				en,
				Base,
			);
			mainGroup = 317A15AF249D25C3003F4CDA;
			productRefGroup = 317A15B9249D25C3003F4CDA /* Products */;
			projectDirPath = "";
			projectRoot = "";
			targets = (
				317A15B7249D25C3003F4CDA /* DemoJamStack */,
				317A15CD249D25C9003F4CDA /* DemoJamStackTests */,
				317A15D8249D25C9003F4CDA /* DemoJamStackUITests */,
			);
		};
/* End PBXProject section */

/* Begin PBXResourcesBuildPhase section */
		317A15B6249D25C3003F4CDA /* Resources */ = {
			isa = PBXResourcesBuildPhase;
			buildActionMask = 2147483647;
			files = (
				317A15C8249D25C9003F4CDA /* LaunchScreen.storyboard in Resources */,
				3151636C249E510E00AF9AB2 /* RegistrationViewController.xib in Resources */,
				317A15C5249D25C9003F4CDA /* Assets.xcassets in Resources */,
				31516375249E74E900AF9AB2 /* ProfileViewController.xib in Resources */,
				317A15C3249D25C3003F4CDA /* Main.storyboard in Resources */,
			);
			runOnlyForDeploymentPostprocessing = 0;
		};
		317A15CC249D25C9003F4CDA /* Resources */ = {
			isa = PBXResourcesBuildPhase;
			buildActionMask = 2147483647;
			files = (
			);
			runOnlyForDeploymentPostprocessing = 0;
		};
		317A15D7249D25C9003F4CDA /* Resources */ = {
			isa = PBXResourcesBuildPhase;
			buildActionMask = 2147483647;
			files = (
			);
			runOnlyForDeploymentPostprocessing = 0;
		};
/* End PBXResourcesBuildPhase section */

/* Begin PBXShellScriptBuildPhase section */
		361B38E34AF7DEAE676EE7F7 /* [CP] Check Pods Manifest.lock */ = {
			isa = PBXShellScriptBuildPhase;
			buildActionMask = 2147483647;
			files = (
			);
			inputFileListPaths = (
			);
			inputPaths = (
				"${PODS_PODFILE_DIR_PATH}/Podfile.lock",
				"${PODS_ROOT}/Manifest.lock",
			);
			name = "[CP] Check Pods Manifest.lock";
			outputFileListPaths = (
			);
			outputPaths = (
				"$(DERIVED_FILE_DIR)/Pods-DemoJamStackTests-checkManifestLockResult.txt",
			);
			runOnlyForDeploymentPostprocessing = 0;
			shellPath = /bin/sh;
			shellScript = "diff \"${PODS_PODFILE_DIR_PATH}/Podfile.lock\" \"${PODS_ROOT}/Manifest.lock\" > /dev/null\nif [ $? != 0 ] ; then\n    # print error to STDERR\n    echo \"error: The sandbox is not in sync with the Podfile.lock. Run 'pod install' or update your CocoaPods installation.\" >&2\n    exit 1\nfi\n# This output is used by Xcode 'outputs' to avoid re-running this script phase.\necho \"SUCCESS\" > \"${SCRIPT_OUTPUT_FILE_0}\"\n";
			showEnvVarsInLog = 0;
		};
		A63C03780AD1327800350013 /* [CP] Check Pods Manifest.lock */ = {
			isa = PBXShellScriptBuildPhase;
			buildActionMask = 2147483647;
			files = (
			);
			inputFileListPaths = (
			);
			inputPaths = (
				"${PODS_PODFILE_DIR_PATH}/Podfile.lock",
				"${PODS_ROOT}/Manifest.lock",
			);
			name = "[CP] Check Pods Manifest.lock";
			outputFileListPaths = (
			);
			outputPaths = (
				"$(DERIVED_FILE_DIR)/Pods-DemoJamStack-DemoJamStackUITests-checkManifestLockResult.txt",
			);
			runOnlyForDeploymentPostprocessing = 0;
			shellPath = /bin/sh;
			shellScript = "diff \"${PODS_PODFILE_DIR_PATH}/Podfile.lock\" \"${PODS_ROOT}/Manifest.lock\" > /dev/null\nif [ $? != 0 ] ; then\n    # print error to STDERR\n    echo \"error: The sandbox is not in sync with the Podfile.lock. Run 'pod install' or update your CocoaPods installation.\" >&2\n    exit 1\nfi\n# This output is used by Xcode 'outputs' to avoid re-running this script phase.\necho \"SUCCESS\" > \"${SCRIPT_OUTPUT_FILE_0}\"\n";
			showEnvVarsInLog = 0;
		};
		F21AF5FF637E3C73D0459E91 /* [CP] Check Pods Manifest.lock */ = {
			isa = PBXShellScriptBuildPhase;
			buildActionMask = 2147483647;
			files = (
			);
			inputFileListPaths = (
			);
			inputPaths = (
				"${PODS_PODFILE_DIR_PATH}/Podfile.lock",
				"${PODS_ROOT}/Manifest.lock",
			);
			name = "[CP] Check Pods Manifest.lock";
			outputFileListPaths = (
			);
			outputPaths = (
				"$(DERIVED_FILE_DIR)/Pods-DemoJamStack-checkManifestLockResult.txt",
			);
			runOnlyForDeploymentPostprocessing = 0;
			shellPath = /bin/sh;
			shellScript = "diff \"${PODS_PODFILE_DIR_PATH}/Podfile.lock\" \"${PODS_ROOT}/Manifest.lock\" > /dev/null\nif [ $? != 0 ] ; then\n    # print error to STDERR\n    echo \"error: The sandbox is not in sync with the Podfile.lock. Run 'pod install' or update your CocoaPods installation.\" >&2\n    exit 1\nfi\n# This output is used by Xcode 'outputs' to avoid re-running this script phase.\necho \"SUCCESS\" > \"${SCRIPT_OUTPUT_FILE_0}\"\n";
			showEnvVarsInLog = 0;
		};
/* End PBXShellScriptBuildPhase section */

/* Begin PBXSourcesBuildPhase section */
		317A15B4249D25C3003F4CDA /* Sources */ = {
			isa = PBXSourcesBuildPhase;
			buildActionMask = 2147483647;
			files = (
				31516368249E119000AF9AB2 /* ApiHelper.swift in Sources */,
				317A15C0249D25C3003F4CDA /* LoginViewController.swift in Sources */,
				31516374249E74E900AF9AB2 /* ProfileViewController.swift in Sources */,
				317A15BC249D25C3003F4CDA /* AppDelegate.swift in Sources */,
				317A15BE249D25C3003F4CDA /* SceneDelegate.swift in Sources */,
				3151636B249E510E00AF9AB2 /* RegistrationViewController.swift in Sources */,
				31516366249DFABC00AF9AB2 /* UserInfo.swift in Sources */,
				317A15EC249DCFEA003F4CDA /* AppUtils.swift in Sources */,
				3151636E249E552900AF9AB2 /* Constants.swift in Sources */,
				31516371249E578800AF9AB2 /* LoginViewModel.swift in Sources */,
			);
			runOnlyForDeploymentPostprocessing = 0;
		};
		317A15CA249D25C9003F4CDA /* Sources */ = {
			isa = PBXSourcesBuildPhase;
			buildActionMask = 2147483647;
			files = (
				317A15D3249D25C9003F4CDA /* DemoJamStackTests.swift in Sources */,
			);
			runOnlyForDeploymentPostprocessing = 0;
		};
		317A15D5249D25C9003F4CDA /* Sources */ = {
			isa = PBXSourcesBuildPhase;
			buildActionMask = 2147483647;
			files = (
				317A15DE249D25CA003F4CDA /* DemoJamStackUITests.swift in Sources */,
			);
			runOnlyForDeploymentPostprocessing = 0;
		};
/* End PBXSourcesBuildPhase section */

/* Begin PBXTargetDependency section */
		317A15D0249D25C9003F4CDA /* PBXTargetDependency */ = {
			isa = PBXTargetDependency;
			target = 317A15B7249D25C3003F4CDA /* DemoJamStack */;
			targetProxy = 317A15CF249D25C9003F4CDA /* PBXContainerItemProxy */;
		};
		317A15DB249D25C9003F4CDA /* PBXTargetDependency */ = {
			isa = PBXTargetDependency;
			target = 317A15B7249D25C3003F4CDA /* DemoJamStack */;
			targetProxy = 317A15DA249D25C9003F4CDA /* PBXContainerItemProxy */;
		};
/* End PBXTargetDependency section */

/* Begin PBXVariantGroup section */
		317A15C1249D25C3003F4CDA /* Main.storyboard */ = {
			isa = PBXVariantGroup;
			children = (
				317A15C2249D25C3003F4CDA /* Base */,
			);
			name = Main.storyboard;
			sourceTree = "<group>";
		};
		317A15C6249D25C9003F4CDA /* LaunchScreen.storyboard */ = {
			isa = PBXVariantGroup;
			children = (
				317A15C7249D25C9003F4CDA /* Base */,
			);
			name = LaunchScreen.storyboard;
			sourceTree = "<group>";
		};
/* End PBXVariantGroup section */

/* Begin XCBuildConfiguration section */
		317A15E0249D25CA003F4CDA /* Debug */ = {
			isa = XCBuildConfiguration;
			buildSettings = {
				ALWAYS_SEARCH_USER_PATHS = NO;
				CLANG_ANALYZER_NONNULL = YES;
				CLANG_ANALYZER_NUMBER_OBJECT_CONVERSION = YES_AGGRESSIVE;
				CLANG_CXX_LANGUAGE_STANDARD = "gnu++14";
				CLANG_CXX_LIBRARY = "libc++";
				CLANG_ENABLE_MODULES = YES;
				CLANG_ENABLE_OBJC_ARC = YES;
				CLANG_ENABLE_OBJC_WEAK = YES;
				CLANG_WARN_BLOCK_CAPTURE_AUTORELEASING = YES;
				CLANG_WARN_BOOL_CONVERSION = YES;
				CLANG_WARN_COMMA = YES;
				CLANG_WARN_CONSTANT_CONVERSION = YES;
				CLANG_WARN_DEPRECATED_OBJC_IMPLEMENTATIONS = YES;
				CLANG_WARN_DIRECT_OBJC_ISA_USAGE = YES_ERROR;
				CLANG_WARN_DOCUMENTATION_COMMENTS = YES;
				CLANG_WARN_EMPTY_BODY = YES;
				CLANG_WARN_ENUM_CONVERSION = YES;
				CLANG_WARN_INFINITE_RECURSION = YES;
				CLANG_WARN_INT_CONVERSION = YES;
				CLANG_WARN_NON_LITERAL_NULL_CONVERSION = YES;
				CLANG_WARN_OBJC_IMPLICIT_RETAIN_SELF = YES;
				CLANG_WARN_OBJC_LITERAL_CONVERSION = YES;
				CLANG_WARN_OBJC_ROOT_CLASS = YES_ERROR;
				CLANG_WARN_RANGE_LOOP_ANALYSIS = YES;
				CLANG_WARN_STRICT_PROTOTYPES = YES;
				CLANG_WARN_SUSPICIOUS_MOVE = YES;
				CLANG_WARN_UNGUARDED_AVAILABILITY = YES_AGGRESSIVE;
				CLANG_WARN_UNREACHABLE_CODE = YES;
				CLANG_WARN__DUPLICATE_METHOD_MATCH = YES;
				COPY_PHASE_STRIP = NO;
				DEBUG_INFORMATION_FORMAT = dwarf;
				ENABLE_STRICT_OBJC_MSGSEND = YES;
				ENABLE_TESTABILITY = YES;
				GCC_C_LANGUAGE_STANDARD = gnu11;
				GCC_DYNAMIC_NO_PIC = NO;
				GCC_NO_COMMON_BLOCKS = YES;
				GCC_OPTIMIZATION_LEVEL = 0;
				GCC_PREPROCESSOR_DEFINITIONS = (
					"DEBUG=1",
					"$(inherited)",
				);
				GCC_WARN_64_TO_32_BIT_CONVERSION = YES;
				GCC_WARN_ABOUT_RETURN_TYPE = YES_ERROR;
				GCC_WARN_UNDECLARED_SELECTOR = YES;
				GCC_WARN_UNINITIALIZED_AUTOS = YES_AGGRESSIVE;
				GCC_WARN_UNUSED_FUNCTION = YES;
				GCC_WARN_UNUSED_VARIABLE = YES;
				IPHONEOS_DEPLOYMENT_TARGET = 13.5;
				MTL_ENABLE_DEBUG_INFO = INCLUDE_SOURCE;
				MTL_FAST_MATH = YES;
				ONLY_ACTIVE_ARCH = YES;
				SDKROOT = iphoneos;
				SWIFT_ACTIVE_COMPILATION_CONDITIONS = DEBUG;
				SWIFT_OPTIMIZATION_LEVEL = "-Onone";
			};
			name = Debug;
		};
		317A15E1249D25CA003F4CDA /* Release */ = {
			isa = XCBuildConfiguration;
			buildSettings = {
				ALWAYS_SEARCH_USER_PATHS = NO;
				CLANG_ANALYZER_NONNULL = YES;
				CLANG_ANALYZER_NUMBER_OBJECT_CONVERSION = YES_AGGRESSIVE;
				CLANG_CXX_LANGUAGE_STANDARD = "gnu++14";
				CLANG_CXX_LIBRARY = "libc++";
				CLANG_ENABLE_MODULES = YES;
				CLANG_ENABLE_OBJC_ARC = YES;
				CLANG_ENABLE_OBJC_WEAK = YES;
				CLANG_WARN_BLOCK_CAPTURE_AUTORELEASING = YES;
				CLANG_WARN_BOOL_CONVERSION = YES;
				CLANG_WARN_COMMA = YES;
				CLANG_WARN_CONSTANT_CONVERSION = YES;
				CLANG_WARN_DEPRECATED_OBJC_IMPLEMENTATIONS = YES;
				CLANG_WARN_DIRECT_OBJC_ISA_USAGE = YES_ERROR;
				CLANG_WARN_DOCUMENTATION_COMMENTS = YES;
				CLANG_WARN_EMPTY_BODY = YES;
				CLANG_WARN_ENUM_CONVERSION = YES;
				CLANG_WARN_INFINITE_RECURSION = YES;
				CLANG_WARN_INT_CONVERSION = YES;
				CLANG_WARN_NON_LITERAL_NULL_CONVERSION = YES;
				CLANG_WARN_OBJC_IMPLICIT_RETAIN_SELF = YES;
				CLANG_WARN_OBJC_LITERAL_CONVERSION = YES;
				CLANG_WARN_OBJC_ROOT_CLASS = YES_ERROR;
				CLANG_WARN_RANGE_LOOP_ANALYSIS = YES;
				CLANG_WARN_STRICT_PROTOTYPES = YES;
				CLANG_WARN_SUSPICIOUS_MOVE = YES;
				CLANG_WARN_UNGUARDED_AVAILABILITY = YES_AGGRESSIVE;
				CLANG_WARN_UNREACHABLE_CODE = YES;
				CLANG_WARN__DUPLICATE_METHOD_MATCH = YES;
				COPY_PHASE_STRIP = NO;
				DEBUG_INFORMATION_FORMAT = "dwarf-with-dsym";
				ENABLE_NS_ASSERTIONS = NO;
				ENABLE_STRICT_OBJC_MSGSEND = YES;
				GCC_C_LANGUAGE_STANDARD = gnu11;
				GCC_NO_COMMON_BLOCKS = YES;
				GCC_WARN_64_TO_32_BIT_CONVERSION = YES;
				GCC_WARN_ABOUT_RETURN_TYPE = YES_ERROR;
				GCC_WARN_UNDECLARED_SELECTOR = YES;
				GCC_WARN_UNINITIALIZED_AUTOS = YES_AGGRESSIVE;
				GCC_WARN_UNUSED_FUNCTION = YES;
				GCC_WARN_UNUSED_VARIABLE = YES;
				IPHONEOS_DEPLOYMENT_TARGET = 13.5;
				MTL_ENABLE_DEBUG_INFO = NO;
				MTL_FAST_MATH = YES;
				SDKROOT = iphoneos;
				SWIFT_COMPILATION_MODE = wholemodule;
				SWIFT_OPTIMIZATION_LEVEL = "-O";
				VALIDATE_PRODUCT = YES;
			};
			name = Release;
		};
		317A15E3249D25CA003F4CDA /* Debug */ = {
			isa = XCBuildConfiguration;
			baseConfigurationReference = C329815D34D3ADD6B78B6E13 /* Pods-DemoJamStack.debug.xcconfig */;
			buildSettings = {
				ASSETCATALOG_COMPILER_APPICON_NAME = AppIcon;
				CODE_SIGN_STYLE = Automatic;
				DEVELOPMENT_TEAM = 2YXG99TV8Z;
				INFOPLIST_FILE = DemoJamStack/Info.plist;
				IPHONEOS_DEPLOYMENT_TARGET = 10.0;
				LD_RUNPATH_SEARCH_PATHS = (
					"$(inherited)",
					"@executable_path/Frameworks",
				);
				PRODUCT_BUNDLE_IDENTIFIER = com.demo.DemoJamStack;
				PRODUCT_NAME = "$(TARGET_NAME)";
				SWIFT_VERSION = 5.0;
				TARGETED_DEVICE_FAMILY = "1,2";
			};
			name = Debug;
		};
		317A15E4249D25CA003F4CDA /* Release */ = {
			isa = XCBuildConfiguration;
			baseConfigurationReference = 42F1DC53B7624B1E98BBF84C /* Pods-DemoJamStack.release.xcconfig */;
			buildSettings = {
				ASSETCATALOG_COMPILER_APPICON_NAME = AppIcon;
				CODE_SIGN_STYLE = Automatic;
				DEVELOPMENT_TEAM = 2YXG99TV8Z;
				INFOPLIST_FILE = DemoJamStack/Info.plist;
				IPHONEOS_DEPLOYMENT_TARGET = 10.0;
				LD_RUNPATH_SEARCH_PATHS = (
					"$(inherited)",
					"@executable_path/Frameworks",
				);
				PRODUCT_BUNDLE_IDENTIFIER = com.demo.DemoJamStack;
				PRODUCT_NAME = "$(TARGET_NAME)";
				SWIFT_VERSION = 5.0;
				TARGETED_DEVICE_FAMILY = "1,2";
			};
			name = Release;
		};
		317A15E6249D25CA003F4CDA /* Debug */ = {
			isa = XCBuildConfiguration;
			baseConfigurationReference = 88D8FD437372F14C8F1F780C /* Pods-DemoJamStackTests.debug.xcconfig */;
			buildSettings = {
				ALWAYS_EMBED_SWIFT_STANDARD_LIBRARIES = YES;
				BUNDLE_LOADER = "$(TEST_HOST)";
				CODE_SIGN_STYLE = Automatic;
				DEVELOPMENT_TEAM = 2YXG99TV8Z;
				INFOPLIST_FILE = DemoJamStackTests/Info.plist;
				IPHONEOS_DEPLOYMENT_TARGET = 13.5;
				LD_RUNPATH_SEARCH_PATHS = (
					"$(inherited)",
					"@executable_path/Frameworks",
					"@loader_path/Frameworks",
				);
				PRODUCT_BUNDLE_IDENTIFIER = com.demo.DemoJamStackTests;
				PRODUCT_NAME = "$(TARGET_NAME)";
				SWIFT_VERSION = 5.0;
				TARGETED_DEVICE_FAMILY = "1,2";
				TEST_HOST = "$(BUILT_PRODUCTS_DIR)/DemoJamStack.app/DemoJamStack";
			};
			name = Debug;
		};
		317A15E7249D25CA003F4CDA /* Release */ = {
			isa = XCBuildConfiguration;
			baseConfigurationReference = C970998BAFABA02194A4257D /* Pods-DemoJamStackTests.release.xcconfig */;
			buildSettings = {
				ALWAYS_EMBED_SWIFT_STANDARD_LIBRARIES = YES;
				BUNDLE_LOADER = "$(TEST_HOST)";
				CODE_SIGN_STYLE = Automatic;
				DEVELOPMENT_TEAM = 2YXG99TV8Z;
				INFOPLIST_FILE = DemoJamStackTests/Info.plist;
				IPHONEOS_DEPLOYMENT_TARGET = 13.5;
				LD_RUNPATH_SEARCH_PATHS = (
					"$(inherited)",
					"@executable_path/Frameworks",
					"@loader_path/Frameworks",
				);
				PRODUCT_BUNDLE_IDENTIFIER = com.demo.DemoJamStackTests;
				PRODUCT_NAME = "$(TARGET_NAME)";
				SWIFT_VERSION = 5.0;
				TARGETED_DEVICE_FAMILY = "1,2";
				TEST_HOST = "$(BUILT_PRODUCTS_DIR)/DemoJamStack.app/DemoJamStack";
			};
			name = Release;
		};
		317A15E9249D25CA003F4CDA /* Debug */ = {
			isa = XCBuildConfiguration;
			baseConfigurationReference = 2E2FC617C9901EF31094DB63 /* Pods-DemoJamStack-DemoJamStackUITests.debug.xcconfig */;
			buildSettings = {
				ALWAYS_EMBED_SWIFT_STANDARD_LIBRARIES = YES;
				CODE_SIGN_STYLE = Automatic;
				DEVELOPMENT_TEAM = 2YXG99TV8Z;
				INFOPLIST_FILE = DemoJamStackUITests/Info.plist;
				LD_RUNPATH_SEARCH_PATHS = (
					"$(inherited)",
					"@executable_path/Frameworks",
					"@loader_path/Frameworks",
				);
				PRODUCT_BUNDLE_IDENTIFIER = com.demo.DemoJamStackUITests;
				PRODUCT_NAME = "$(TARGET_NAME)";
				SWIFT_VERSION = 5.0;
				TARGETED_DEVICE_FAMILY = "1,2";
				TEST_TARGET_NAME = DemoJamStack;
			};
			name = Debug;
		};
		317A15EA249D25CA003F4CDA /* Release */ = {
			isa = XCBuildConfiguration;
			baseConfigurationReference = A555CB7E143AE2FF477D3703 /* Pods-DemoJamStack-DemoJamStackUITests.release.xcconfig */;
			buildSettings = {
				ALWAYS_EMBED_SWIFT_STANDARD_LIBRARIES = YES;
				CODE_SIGN_STYLE = Automatic;
				DEVELOPMENT_TEAM = 2YXG99TV8Z;
				INFOPLIST_FILE = DemoJamStackUITests/Info.plist;
				LD_RUNPATH_SEARCH_PATHS = (
					"$(inherited)",
					"@executable_path/Frameworks",
					"@loader_path/Frameworks",
				);
				PRODUCT_BUNDLE_IDENTIFIER = com.demo.DemoJamStackUITests;
				PRODUCT_NAME = "$(TARGET_NAME)";
				SWIFT_VERSION = 5.0;
				TARGETED_DEVICE_FAMILY = "1,2";
				TEST_TARGET_NAME = DemoJamStack;
			};
			name = Release;
		};
/* End XCBuildConfiguration section */

/* Begin XCConfigurationList section */
		317A15B3249D25C3003F4CDA /* Build configuration list for PBXProject "DemoJamStack" */ = {
			isa = XCConfigurationList;
			buildConfigurations = (
				317A15E0249D25CA003F4CDA /* Debug */,
				317A15E1249D25CA003F4CDA /* Release */,
			);
			defaultConfigurationIsVisible = 0;
			defaultConfigurationName = Release;
		};
		317A15E2249D25CA003F4CDA /* Build configuration list for PBXNativeTarget "DemoJamStack" */ = {
			isa = XCConfigurationList;
			buildConfigurations = (
				317A15E3249D25CA003F4CDA /* Debug */,
				317A15E4249D25CA003F4CDA /* Release */,
			);
			defaultConfigurationIsVisible = 0;
			defaultConfigurationName = Release;
		};
		317A15E5249D25CA003F4CDA /* Build configuration list for PBXNativeTarget "DemoJamStackTests" */ = {
			isa = XCConfigurationList;
			buildConfigurations = (
				317A15E6249D25CA003F4CDA /* Debug */,
				317A15E7249D25CA003F4CDA /* Release */,
			);
			defaultConfigurationIsVisible = 0;
			defaultConfigurationName = Release;
		};
		317A15E8249D25CA003F4CDA /* Build configuration list for PBXNativeTarget "DemoJamStackUITests" */ = {
			isa = XCConfigurationList;
			buildConfigurations = (
				317A15E9249D25CA003F4CDA /* Debug */,
				317A15EA249D25CA003F4CDA /* Release */,
			);
			defaultConfigurationIsVisible = 0;
			defaultConfigurationName = Release;
		};
/* End XCConfigurationList section */
	};
	rootObject = 317A15B0249D25C3003F4CDA /* Project object */;
}
